
Microsoft Visual Studio Solution File, Format Version 12.00
# Visual Studio Version 16
VisualStudioVersion = 25.0.1706.8
MinimumVisualStudioVersion = 10.0.40219.1
Project("{FAE04EC0-301F-11D3-BF4B-00C04F79EFBC}") = "6LABA_OOP", "6LABA_OOP\6LABA_OOP.csproj", "{9701A80D-75C2-4145-8EC7-9B53A112D136}"
EndProject
Global
	GlobalSection(SolutionConfigurationPlatforms) = preSolution
		Debug|Any CPU = Debug|Any CPU
		Release|Any CPU = Release|Any CPU
	EndGlobalSection
	GlobalSection(ProjectConfigurationPlatforms) = postSolution
		{9701A80D-75C2-4145-8EC7-9B53A112D136}.Debug|Any CPU.ActiveCfg = Debug|Any CPU
		{9701A80D-75C2-4145-8EC7-9B53A112D136}.Debug|Any CPU.Build.0 = Debug|Any CPU
		{9701A80D-75C2-4145-8EC7-9B53A112D136}.Release|Any CPU.ActiveCfg = Release|Any CPU
		{9701A80D-75C2-4145-8EC7-9B53A112D136}.Release|Any CPU.Build.0 = Release|Any CPU
	EndGlobalSection
	GlobalSection(SolutionProperties) = preSolution
		HideSolutionNode = FALSE
	EndGlobalSection
	GlobalSection(ExtensibilityGlobals) = postSolution
		SolutionGuid = {6216E4AF-4A7A-4DF7-80BA-082B723A6219}
	EndGlobalSection
EndGlobal
